
Microsoft Visual Studio Solution File, Format Version 12.00
# Visual Studio Version 17
VisualStudioVersion = 17.10.35013.160
MinimumVisualStudioVersion = 10.0.40219.1
Project("{FAE04EC0-301F-11D3-BF4B-00C04F79EFBC}") = "CreatePdf", "CreatePdf\CreatePdf.csproj", "{B1B060E6-00A6-48ED-85E8-BEAE35CF58F3}"
EndProject
Global
	GlobalSection(SolutionConfigurationPlatforms) = preSolution
		Debug|Any CPU = Debug|Any CPU
		Release|Any CPU = Release|Any CPU
	EndGlobalSection
	GlobalSection(ProjectConfigurationPlatforms) = postSolution
		{B1B060E6-00A6-48ED-85E8-BEAE35CF58F3}.Debug|Any CPU.ActiveCfg = Debug|Any CPU
		{B1B060E6-00A6-48ED-85E8-BEAE35CF58F3}.Debug|Any CPU.Build.0 = Debug|Any CPU
		{B1B060E6-00A6-48ED-85E8-BEAE35CF58F3}.Release|Any CPU.ActiveCfg = Release|Any CPU
		{B1B060E6-00A6-48ED-85E8-BEAE35CF58F3}.Release|Any CPU.Build.0 = Release|Any CPU
	EndGlobalSection
	GlobalSection(SolutionProperties) = preSolution
		HideSolutionNode = FALSE
	EndGlobalSection
	GlobalSection(ExtensibilityGlobals) = postSolution
		SolutionGuid = {6E3DDBDB-AD3D-43D9-8E6D-711E92914919}
	EndGlobalSection
EndGlobal
